// !$*UTF8*$!
{
	archiveVersion = 1;
	classes = {
	};
	objectVersion = 77;
	objects = {

/* Begin PBXBuildFile section */
		043609B05E17CCE203317A19 /* CardEditorView.swift in Sources */ = {isa = PBXBuildFile; fileRef = 417C409E6EF3154E39C515C1 /* CardEditorView.swift */; };
		52E58AE6B8E842B3004A0AA4 /* NoteEditorView.swift in Sources */ = {isa = PBXBuildFile; fileRef = D5411D2FAA8D5370CAF20C6D /* NoteEditorView.swift */; };
		54FB6D4B4502B4BE430F4929 /* Column.swift in Sources */ = {isa = PBXBuildFile; fileRef = 36E4FC1F06B7956AD415A721 /* Column.swift */; };
		6AAB42F6A8B5DA94C8F9D9C7 /* MarkdownComponents.swift in Sources */ = {isa = PBXBuildFile; fileRef = D6737341692B3F395292568E /* MarkdownComponents.swift */; };
		86F8391FE228EA16BC9D6B42 /* SyncManager.swift in Sources */ = {isa = PBXBuildFile; fileRef = 561FB3213C322A2E70822E54 /* SyncManager.swift */; };
		9F3853A47327A81BE1A7A32C /* MainTabView.swift in Sources */ = {isa = PBXBuildFile; fileRef = D10ACFA780286105CD15B016 /* MainTabView.swift */; };
		B5B55BC0C99AD34FEA8EBCBB /* FolderManagerView.swift in Sources */ = {isa = PBXBuildFile; fileRef = 5DEFEA7297AEA6E49D0687F3 /* FolderManagerView.swift */; };
		B653B9C0B5D7BB364FED9CA6 /* NotesSplitView.swift in Sources */ = {isa = PBXBuildFile; fileRef = BBC75546B3AFBA88E75B6734 /* NotesSplitView.swift */; };
		BF0F3F1D3C0050B903B2C568 /* SyncToolbarView.swift in Sources */ = {isa = PBXBuildFile; fileRef = 89ADBEF217DEA65E9280C7CF /* SyncToolbarView.swift */; };
		BFB1E9A9AFFD66A1C30065D0 /* TaskFlowApp.swift in Sources */ = {isa = PBXBuildFile; fileRef = E89599E8AEAD431D6B3745B8 /* TaskFlowApp.swift */; };
		BFDAF6EF14D7C7F0C9FD8383 /* CardDetailView.swift in Sources */ = {isa = PBXBuildFile; fileRef = 5A1779725FFA4245A2EEAA28 /* CardDetailView.swift */; };
		C30CC172D97CDD6ACB48D4D1 /* KanbanBoardView.swift in Sources */ = {isa = PBXBuildFile; fileRef = BFA18650967175E6497E7065 /* KanbanBoardView.swift */; };
		C4AFFED9B56837B06B46BD9B /* TodoTask.swift in Sources */ = {isa = PBXBuildFile; fileRef = 183E4E86AE12FC7E8D054CF7 /* TodoTask.swift */; };
		D7C1FC73BE6C061A77237B0B /* Note.swift in Sources */ = {isa = PBXBuildFile; fileRef = F6787EA1FC86B99BF59F1068 /* Note.swift */; };
		E174E6E4C8CCF587D7576212 /* KanbanCardView.swift in Sources */ = {isa = PBXBuildFile; fileRef = 0F201481474E2100B187F355 /* KanbanCardView.swift */; };
		E8A7DBE1435375472866C57F /* MarkdownRenderer.swift in Sources */ = {isa = PBXBuildFile; fileRef = C7EC39357B3D45F9B16DE970 /* MarkdownRenderer.swift */; };
		F4CDAFEB2D27416B7003EAC3 /* KanbanColumnView.swift in Sources */ = {isa = PBXBuildFile; fileRef = 0A42D93EA3A5811C081F459C /* KanbanColumnView.swift */; };
/* End PBXBuildFile section */

/* Begin PBXFileReference section */
		09AE62E98FA111629360AB0D /* TaskFlow.entitlements */ = {isa = PBXFileReference; lastKnownFileType = text.plist.entitlements; path = TaskFlow.entitlements; sourceTree = "<group>"; };
		0A42D93EA3A5811C081F459C /* KanbanColumnView.swift */ = {isa = PBXFileReference; lastKnownFileType = sourcecode.swift; path = KanbanColumnView.swift; sourceTree = "<group>"; };
		0F201481474E2100B187F355 /* KanbanCardView.swift */ = {isa = PBXFileReference; lastKnownFileType = sourcecode.swift; path = KanbanCardView.swift; sourceTree = "<group>"; };
		183E4E86AE12FC7E8D054CF7 /* TodoTask.swift */ = {isa = PBXFileReference; lastKnownFileType = sourcecode.swift; path = TodoTask.swift; sourceTree = "<group>"; };
		36E4FC1F06B7956AD415A721 /* Column.swift */ = {isa = PBXFileReference; lastKnownFileType = sourcecode.swift; path = Column.swift; sourceTree = "<group>"; };
		417C409E6EF3154E39C515C1 /* CardEditorView.swift */ = {isa = PBXFileReference; lastKnownFileType = sourcecode.swift; path = CardEditorView.swift; sourceTree = "<group>"; };
		561FB3213C322A2E70822E54 /* SyncManager.swift */ = {isa = PBXFileReference; lastKnownFileType = sourcecode.swift; path = SyncManager.swift; sourceTree = "<group>"; };
		5A1779725FFA4245A2EEAA28 /* CardDetailView.swift */ = {isa = PBXFileReference; lastKnownFileType = sourcecode.swift; path = CardDetailView.swift; sourceTree = "<group>"; };
		5DEFEA7297AEA6E49D0687F3 /* FolderManagerView.swift */ = {isa = PBXFileReference; lastKnownFileType = sourcecode.swift; path = FolderManagerView.swift; sourceTree = "<group>"; };
		89ADBEF217DEA65E9280C7CF /* SyncToolbarView.swift */ = {isa = PBXFileReference; lastKnownFileType = sourcecode.swift; path = SyncToolbarView.swift; sourceTree = "<group>"; };
		BBC75546B3AFBA88E75B6734 /* NotesSplitView.swift */ = {isa = PBXFileReference; lastKnownFileType = sourcecode.swift; path = NotesSplitView.swift; sourceTree = "<group>"; };
		BFA18650967175E6497E7065 /* KanbanBoardView.swift */ = {isa = PBXFileReference; lastKnownFileType = sourcecode.swift; path = KanbanBoardView.swift; sourceTree = "<group>"; };
		C7EC39357B3D45F9B16DE970 /* MarkdownRenderer.swift */ = {isa = PBXFileReference; lastKnownFileType = sourcecode.swift; path = MarkdownRenderer.swift; sourceTree = "<group>"; };
		D10ACFA780286105CD15B016 /* MainTabView.swift */ = {isa = PBXFileReference; lastKnownFileType = sourcecode.swift; path = MainTabView.swift; sourceTree = "<group>"; };
		D5411D2FAA8D5370CAF20C6D /* NoteEditorView.swift */ = {isa = PBXFileReference; lastKnownFileType = sourcecode.swift; path = NoteEditorView.swift; sourceTree = "<group>"; };
		D6737341692B3F395292568E /* MarkdownComponents.swift */ = {isa = PBXFileReference; lastKnownFileType = sourcecode.swift; path = MarkdownComponents.swift; sourceTree = "<group>"; };
		E6FF2BD4A15C028AD24D7738 /* TaskFlow.app */ = {isa = PBXFileReference; explicitFileType = wrapper.application; includeInIndex = 0; path = TaskFlow.app; sourceTree = BUILT_PRODUCTS_DIR; };
		E89599E8AEAD431D6B3745B8 /* TaskFlowApp.swift */ = {isa = PBXFileReference; lastKnownFileType = sourcecode.swift; path = TaskFlowApp.swift; sourceTree = "<group>"; };
		F6787EA1FC86B99BF59F1068 /* Note.swift */ = {isa = PBXFileReference; lastKnownFileType = sourcecode.swift; path = Note.swift; sourceTree = "<group>"; };
/* End PBXFileReference section */

/* Begin PBXGroup section */
		18417A05AFCC69AFF9DCEF7D /* Notes */ = {
			isa = PBXGroup;
			children = (
				5DEFEA7297AEA6E49D0687F3 /* FolderManagerView.swift */,
				D6737341692B3F395292568E /* MarkdownComponents.swift */,
				C7EC39357B3D45F9B16DE970 /* MarkdownRenderer.swift */,
				D5411D2FAA8D5370CAF20C6D /* NoteEditorView.swift */,
				BBC75546B3AFBA88E75B6734 /* NotesSplitView.swift */,
			);
			path = Notes;
			sourceTree = "<group>";
		};
		207E24C944C19F44134D97F7 /* Products */ = {
			isa = PBXGroup;
			children = (
				E6FF2BD4A15C028AD24D7738 /* TaskFlow.app */,
			);
			name = Products;
			sourceTree = "<group>";
		};
		2EB9C66581AE0D020C3E6E99 /* TaskFlow */ = {
			isa = PBXGroup;
			children = (
				09AE62E98FA111629360AB0D /* TaskFlow.entitlements */,
				E89599E8AEAD431D6B3745B8 /* TaskFlowApp.swift */,
				5A70153EA0B07D525EC993FE /* Models */,
				59B704315E475A3BD885A717 /* Sync */,
				8D5D3B6803DBB4801307D62D /* Views */,
			);
			path = TaskFlow;
			sourceTree = "<group>";
		};
		59B704315E475A3BD885A717 /* Sync */ = {
			isa = PBXGroup;
			children = (
				561FB3213C322A2E70822E54 /* SyncManager.swift */,
			);
			path = Sync;
			sourceTree = "<group>";
		};
		5A70153EA0B07D525EC993FE /* Models */ = {
			isa = PBXGroup;
			children = (
				36E4FC1F06B7956AD415A721 /* Column.swift */,
				F6787EA1FC86B99BF59F1068 /* Note.swift */,
				183E4E86AE12FC7E8D054CF7 /* TodoTask.swift */,
			);
			path = Models;
			sourceTree = "<group>";
		};
		8D5D3B6803DBB4801307D62D /* Views */ = {
			isa = PBXGroup;
			children = (
				D10ACFA780286105CD15B016 /* MainTabView.swift */,
				89ADBEF217DEA65E9280C7CF /* SyncToolbarView.swift */,
				BB84C5C0DF32549F09057C06 /* Kanban */,
				18417A05AFCC69AFF9DCEF7D /* Notes */,
			);
			path = Views;
			sourceTree = "<group>";
		};
		BB84C5C0DF32549F09057C06 /* Kanban */ = {
			isa = PBXGroup;
			children = (
				5A1779725FFA4245A2EEAA28 /* CardDetailView.swift */,
				417C409E6EF3154E39C515C1 /* CardEditorView.swift */,
				BFA18650967175E6497E7065 /* KanbanBoardView.swift */,
				0F201481474E2100B187F355 /* KanbanCardView.swift */,
				0A42D93EA3A5811C081F459C /* KanbanColumnView.swift */,
			);
			path = Kanban;
			sourceTree = "<group>";
		};
		EA5549F0888D0EB8D063E2AB = {
			isa = PBXGroup;
			children = (
				2EB9C66581AE0D020C3E6E99 /* TaskFlow */,
				207E24C944C19F44134D97F7 /* Products */,
			);
			sourceTree = "<group>";
		};
/* End PBXGroup section */

/* Begin PBXNativeTarget section */
		8EB882D1DD71FB7B601277B7 /* TaskFlow */ = {
			isa = PBXNativeTarget;
			buildConfigurationList = 700F8A9F5C77845F169ADC30 /* Build configuration list for PBXNativeTarget "TaskFlow" */;
			buildPhases = (
				B5D61055E5668D749507AAB3 /* Sources */,
			);
			buildRules = (
			);
			dependencies = (
			);
			name = TaskFlow;
			packageProductDependencies = (
			);
			productName = TaskFlow;
			productReference = E6FF2BD4A15C028AD24D7738 /* TaskFlow.app */;
			productType = "com.apple.product-type.application";
		};
/* End PBXNativeTarget section */

/* Begin PBXProject section */
		459B1CC7F4080FE20BFFA295 /* Project object */ = {
			isa = PBXProject;
			attributes = {
				BuildIndependentTargetsInParallel = YES;
				LastUpgradeCheck = 1430;
				TargetAttributes = {
					8EB882D1DD71FB7B601277B7 = {
						DevelopmentTeam = "";
						ProvisioningStyle = Automatic;
					};
				};
			};
			buildConfigurationList = 364E626E1155324FDBAD76FB /* Build configuration list for PBXProject "TaskFlow" */;
			compatibilityVersion = "Xcode 14.0";
			developmentRegion = en;
			hasScannedForEncodings = 0;
			knownRegions = (
				Base,
				en,
			);
			mainGroup = EA5549F0888D0EB8D063E2AB;
			minimizedProjectReferenceProxies = 1;
			preferredProjectObjectVersion = 77;
			projectDirPath = "";
			projectRoot = "";
			targets = (
				8EB882D1DD71FB7B601277B7 /* TaskFlow */,
			);
		};
/* End PBXProject section */

/* Begin PBXSourcesBuildPhase section */
		B5D61055E5668D749507AAB3 /* Sources */ = {
			isa = PBXSourcesBuildPhase;
			buildActionMask = 2147483647;
			files = (
				BFDAF6EF14D7C7F0C9FD8383 /* CardDetailView.swift in Sources */,
				043609B05E17CCE203317A19 /* CardEditorView.swift in Sources */,
				54FB6D4B4502B4BE430F4929 /* Column.swift in Sources */,
				B5B55BC0C99AD34FEA8EBCBB /* FolderManagerView.swift in Sources */,
				C30CC172D97CDD6ACB48D4D1 /* KanbanBoardView.swift in Sources */,
				E174E6E4C8CCF587D7576212 /* KanbanCardView.swift in Sources */,
				F4CDAFEB2D27416B7003EAC3 /* KanbanColumnView.swift in Sources */,
				9F3853A47327A81BE1A7A32C /* MainTabView.swift in Sources */,
				6AAB42F6A8B5DA94C8F9D9C7 /* MarkdownComponents.swift in Sources */,
				E8A7DBE1435375472866C57F /* MarkdownRenderer.swift in Sources */,
				D7C1FC73BE6C061A77237B0B /* Note.swift in Sources */,
				52E58AE6B8E842B3004A0AA4 /* NoteEditorView.swift in Sources */,
				B653B9C0B5D7BB364FED9CA6 /* NotesSplitView.swift in Sources */,
				86F8391FE228EA16BC9D6B42 /* SyncManager.swift in Sources */,
				BF0F3F1D3C0050B903B2C568 /* SyncToolbarView.swift in Sources */,
				BFB1E9A9AFFD66A1C30065D0 /* TaskFlowApp.swift in Sources */,
				C4AFFED9B56837B06B46BD9B /* TodoTask.swift in Sources */,
			);
			runOnlyForDeploymentPostprocessing = 0;
		};
/* End PBXSourcesBuildPhase section */

/* Begin XCBuildConfiguration section */
		CA1325731EBDDEC32DE0E166 /* Release */ = {
			isa = XCBuildConfiguration;
			buildSettings = {
				ASSETCATALOG_COMPILER_APPICON_NAME = AppIcon;
				CODE_SIGN_STYLE = Automatic;
				COMBINE_HIDPI_IMAGES = YES;
				DEVELOPMENT_TEAM = "";
				ENABLE_HARDENED_RUNTIME = NO;
				GENERATE_INFOPLIST_FILE = YES;
				INFOPLIST_KEY_LSApplicationCategoryType = "public.app-category.productivity";
				LD_RUNPATH_SEARCH_PATHS = (
					"$(inherited)",
					"@executable_path/../Frameworks",
				);
				PRODUCT_BUNDLE_IDENTIFIER = com.nmathur.taskflow;
				SDKROOT = macosx;
			};
			name = Release;
		};
		CDCC9F8ED6B54C9683905AD3 /* Debug */ = {
			isa = XCBuildConfiguration;
			buildSettings = {
				ASSETCATALOG_COMPILER_APPICON_NAME = AppIcon;
				CODE_SIGN_STYLE = Automatic;
				COMBINE_HIDPI_IMAGES = YES;
				DEVELOPMENT_TEAM = "";
				ENABLE_HARDENED_RUNTIME = NO;
				GENERATE_INFOPLIST_FILE = YES;
				INFOPLIST_KEY_LSApplicationCategoryType = "public.app-category.productivity";
				LD_RUNPATH_SEARCH_PATHS = (
					"$(inherited)",
					"@executable_path/../Frameworks",
				);
				PRODUCT_BUNDLE_IDENTIFIER = com.nmathur.taskflow;
				SDKROOT = macosx;
			};
			name = Debug;
		};
		D85F6240A131663417FB339A /* Release */ = {
			isa = XCBuildConfiguration;
			buildSettings = {
				ALWAYS_SEARCH_USER_PATHS = NO;
				CLANG_ANALYZER_NONNULL = YES;
				CLANG_ANALYZER_NUMBER_OBJECT_CONVERSION = YES_AGGRESSIVE;
				CLANG_CXX_LANGUAGE_STANDARD = "gnu++14";
				CLANG_CXX_LIBRARY = "libc++";
				CLANG_ENABLE_MODULES = YES;
				CLANG_ENABLE_OBJC_ARC = YES;
				CLANG_ENABLE_OBJC_WEAK = YES;
				CLANG_WARN_BLOCK_CAPTURE_AUTORELEASING = YES;
				CLANG_WARN_BOOL_CONVERSION = YES;
				CLANG_WARN_COMMA = YES;
				CLANG_WARN_CONSTANT_CONVERSION = YES;
				CLANG_WARN_DEPRECATED_OBJC_IMPLEMENTATIONS = YES;
				CLANG_WARN_DIRECT_OBJC_ISA_USAGE = YES_ERROR;
				CLANG_WARN_DOCUMENTATION_COMMENTS = YES;
				CLANG_WARN_EMPTY_BODY = YES;
				CLANG_WARN_ENUM_CONVERSION = YES;
				CLANG_WARN_INFINITE_RECURSION = YES;
				CLANG_WARN_INT_CONVERSION = YES;
				CLANG_WARN_NON_LITERAL_NULL_CONVERSION = YES;
				CLANG_WARN_OBJC_IMPLICIT_RETAIN_SELF = YES;
				CLANG_WARN_OBJC_LITERAL_CONVERSION = YES;
				CLANG_WARN_OBJC_ROOT_CLASS = YES_ERROR;
				CLANG_WARN_QUOTED_INCLUDE_IN_FRAMEWORK_HEADER = YES;
				CLANG_WARN_RANGE_LOOP_ANALYSIS = YES;
				CLANG_WARN_STRICT_PROTOTYPES = YES;
				CLANG_WARN_SUSPICIOUS_MOVE = YES;
				CLANG_WARN_UNGUARDED_AVAILABILITY = YES_AGGRESSIVE;
				CLANG_WARN_UNREACHABLE_CODE = YES;
				CLANG_WARN__DUPLICATE_METHOD_MATCH = YES;
				COPY_PHASE_STRIP = NO;
				DEBUG_INFORMATION_FORMAT = "dwarf-with-dsym";
				ENABLE_NS_ASSERTIONS = NO;
				ENABLE_STRICT_OBJC_MSGSEND = YES;
				GCC_C_LANGUAGE_STANDARD = gnu11;
				GCC_NO_COMMON_BLOCKS = YES;
				GCC_WARN_64_TO_32_BIT_CONVERSION = YES;
				GCC_WARN_ABOUT_RETURN_TYPE = YES_ERROR;
				GCC_WARN_UNDECLARED_SELECTOR = YES;
				GCC_WARN_UNINITIALIZED_AUTOS = YES_AGGRESSIVE;
				GCC_WARN_UNUSED_FUNCTION = YES;
				GCC_WARN_UNUSED_VARIABLE = YES;
				MACOSX_DEPLOYMENT_TARGET = 14.0;
				MTL_ENABLE_DEBUG_INFO = NO;
				MTL_FAST_MATH = YES;
				PRODUCT_NAME = "$(TARGET_NAME)";
				SDKROOT = macosx;
				SWIFT_COMPILATION_MODE = wholemodule;
				SWIFT_OPTIMIZATION_LEVEL = "-O";
				SWIFT_VERSION = 5.0;
			};
			name = Release;
		};
		E4BE12C86481E4E124DD8A49 /* Debug */ = {
			isa = XCBuildConfiguration;
			buildSettings = {
				ALWAYS_SEARCH_USER_PATHS = NO;
				CLANG_ANALYZER_NONNULL = YES;
				CLANG_ANALYZER_NUMBER_OBJECT_CONVERSION = YES_AGGRESSIVE;
				CLANG_CXX_LANGUAGE_STANDARD = "gnu++14";
				CLANG_CXX_LIBRARY = "libc++";
				CLANG_ENABLE_MODULES = YES;
				CLANG_ENABLE_OBJC_ARC = YES;
				CLANG_ENABLE_OBJC_WEAK = YES;
				CLANG_WARN_BLOCK_CAPTURE_AUTORELEASING = YES;
				CLANG_WARN_BOOL_CONVERSION = YES;
				CLANG_WARN_COMMA = YES;
				CLANG_WARN_CONSTANT_CONVERSION = YES;
				CLANG_WARN_DEPRECATED_OBJC_IMPLEMENTATIONS = YES;
				CLANG_WARN_DIRECT_OBJC_ISA_USAGE = YES_ERROR;
				CLANG_WARN_DOCUMENTATION_COMMENTS = YES;
				CLANG_WARN_EMPTY_BODY = YES;
				CLANG_WARN_ENUM_CONVERSION = YES;
				CLANG_WARN_INFINITE_RECURSION = YES;
				CLANG_WARN_INT_CONVERSION = YES;
				CLANG_WARN_NON_LITERAL_NULL_CONVERSION = YES;
				CLANG_WARN_OBJC_IMPLICIT_RETAIN_SELF = YES;
				CLANG_WARN_OBJC_LITERAL_CONVERSION = YES;
				CLANG_WARN_OBJC_ROOT_CLASS = YES_ERROR;
				CLANG_WARN_QUOTED_INCLUDE_IN_FRAMEWORK_HEADER = YES;
				CLANG_WARN_RANGE_LOOP_ANALYSIS = YES;
				CLANG_WARN_STRICT_PROTOTYPES = YES;
				CLANG_WARN_SUSPICIOUS_MOVE = YES;
				CLANG_WARN_UNGUARDED_AVAILABILITY = YES_AGGRESSIVE;
				CLANG_WARN_UNREACHABLE_CODE = YES;
				CLANG_WARN__DUPLICATE_METHOD_MATCH = YES;
				COPY_PHASE_STRIP = NO;
				DEBUG_INFORMATION_FORMAT = dwarf;
				ENABLE_STRICT_OBJC_MSGSEND = YES;
				ENABLE_TESTABILITY = YES;
				GCC_C_LANGUAGE_STANDARD = gnu11;
				GCC_DYNAMIC_NO_PIC = NO;
				GCC_NO_COMMON_BLOCKS = YES;
				GCC_OPTIMIZATION_LEVEL = 0;
				GCC_PREPROCESSOR_DEFINITIONS = (
					"$(inherited)",
					"DEBUG=1",
				);
				GCC_WARN_64_TO_32_BIT_CONVERSION = YES;
				GCC_WARN_ABOUT_RETURN_TYPE = YES_ERROR;
				GCC_WARN_UNDECLARED_SELECTOR = YES;
				GCC_WARN_UNINITIALIZED_AUTOS = YES_AGGRESSIVE;
				GCC_WARN_UNUSED_FUNCTION = YES;
				GCC_WARN_UNUSED_VARIABLE = YES;
				MACOSX_DEPLOYMENT_TARGET = 14.0;
				MTL_ENABLE_DEBUG_INFO = INCLUDE_SOURCE;
				MTL_FAST_MATH = YES;
				ONLY_ACTIVE_ARCH = YES;
				PRODUCT_NAME = "$(TARGET_NAME)";
				SDKROOT = macosx;
				SWIFT_ACTIVE_COMPILATION_CONDITIONS = DEBUG;
				SWIFT_OPTIMIZATION_LEVEL = "-Onone";
				SWIFT_VERSION = 5.0;
			};
			name = Debug;
		};
/* End XCBuildConfiguration section */

/* Begin XCConfigurationList section */
		364E626E1155324FDBAD76FB /* Build configuration list for PBXProject "TaskFlow" */ = {
			isa = XCConfigurationList;
			buildConfigurations = (
				E4BE12C86481E4E124DD8A49 /* Debug */,
				D85F6240A131663417FB339A /* Release */,
			);
			defaultConfigurationIsVisible = 0;
			defaultConfigurationName = Debug;
		};
		700F8A9F5C77845F169ADC30 /* Build configuration list for PBXNativeTarget "TaskFlow" */ = {
			isa = XCConfigurationList;
			buildConfigurations = (
				CDCC9F8ED6B54C9683905AD3 /* Debug */,
				CA1325731EBDDEC32DE0E166 /* Release */,
			);
			defaultConfigurationIsVisible = 0;
			defaultConfigurationName = Debug;
		};
/* End XCConfigurationList section */
	};
	rootObject = 459B1CC7F4080FE20BFFA295 /* Project object */;
}
